
Microsoft Visual Studio Solution File, Format Version 12.00
# Visual Studio Version 17
VisualStudioVersion = 17.12.35707.178 d17.12
MinimumVisualStudioVersion = 10.0.40219.1
Project("{FAE04EC0-301F-11D3-BF4B-00C04F79EFBC}") = "Auctify.API", "Auctify.API.csproj", "{4415895C-1BF7-464B-B481-F62420014DA2}"
EndProject
Project("{FAE04EC0-301F-11D3-BF4B-00C04F79EFBC}") = "Core", "..\Core\Core.csproj", "{F213E462-F2C2-4F6D-BC17-566C026319E1}"
EndProject
Project("{FAE04EC0-301F-11D3-BF4B-00C04F79EFBC}") = "Application", "..\Application\Application.csproj", "{DF9069F5-7BBE-49E4-9F0A-B06488719BF7}"
EndProject
Project("{FAE04EC0-301F-11D3-BF4B-00C04F79EFBC}") = "Infrastructure", "..\Infrastructure\Infrastructure.csproj", "{7EAF3C71-553A-4CE2-A641-400C4568AE77}"
EndProject
Global
	GlobalSection(SolutionConfigurationPlatforms) = preSolution
		Debug|Any CPU = Debug|Any CPU
		Release|Any CPU = Release|Any CPU
	EndGlobalSection
	GlobalSection(ProjectConfigurationPlatforms) = postSolution
		{4415895C-1BF7-464B-B481-F62420014DA2}.Debug|Any CPU.ActiveCfg = Debug|Any CPU
		{4415895C-1BF7-464B-B481-F62420014DA2}.Debug|Any CPU.Build.0 = Debug|Any CPU
		{4415895C-1BF7-464B-B481-F62420014DA2}.Release|Any CPU.ActiveCfg = Release|Any CPU
		{4415895C-1BF7-464B-B481-F62420014DA2}.Release|Any CPU.Build.0 = Release|Any CPU
		{F213E462-F2C2-4F6D-BC17-566C026319E1}.Debug|Any CPU.ActiveCfg = Debug|Any CPU
		{F213E462-F2C2-4F6D-BC17-566C026319E1}.Debug|Any CPU.Build.0 = Debug|Any CPU
		{F213E462-F2C2-4F6D-BC17-566C026319E1}.Release|Any CPU.ActiveCfg = Release|Any CPU
		{F213E462-F2C2-4F6D-BC17-566C026319E1}.Release|Any CPU.Build.0 = Release|Any CPU
		{DF9069F5-7BBE-49E4-9F0A-B06488719BF7}.Debug|Any CPU.ActiveCfg = Debug|Any CPU
		{DF9069F5-7BBE-49E4-9F0A-B06488719BF7}.Debug|Any CPU.Build.0 = Debug|Any CPU
		{DF9069F5-7BBE-49E4-9F0A-B06488719BF7}.Release|Any CPU.ActiveCfg = Release|Any CPU
		{DF9069F5-7BBE-49E4-9F0A-B06488719BF7}.Release|Any CPU.Build.0 = Release|Any CPU
		{7EAF3C71-553A-4CE2-A641-400C4568AE77}.Debug|Any CPU.ActiveCfg = Debug|Any CPU
		{7EAF3C71-553A-4CE2-A641-400C4568AE77}.Debug|Any CPU.Build.0 = Debug|Any CPU
		{7EAF3C71-553A-4CE2-A641-400C4568AE77}.Release|Any CPU.ActiveCfg = Release|Any CPU
		{7EAF3C71-553A-4CE2-A641-400C4568AE77}.Release|Any CPU.Build.0 = Release|Any CPU
	EndGlobalSection
	GlobalSection(SolutionProperties) = preSolution
		HideSolutionNode = FALSE
	EndGlobalSection
EndGlobal
